# This file is autogenerated, do not edit; changes may be undone by the next 'dep ensure'.


[[projects]]
  name = "github.com/Microsoft/go-winio"
  packages = ["."]
  revision = "67921128fb397dd80339870d2193d6b1e6856fd4"
  version = "v0.4.8"

[[projects]]
  name = "github.com/Shopify/sarama"
  packages = ["."]
  revision = "35324cf48e33d8260e1c7c18854465a904ade249"
  version = "v1.17.0"

[[projects]]
  name = "github.com/Sirupsen/logrus"
  packages = ["."]
  revision = "c155da19408a8799da419ed3eeb0cb5db0ad5dbc"
  version = "v1.0.5"

[[projects]]
  name = "github.com/StackExchange/wmi"
  packages = ["."]
  revision = "5d049714c4a64225c3c79a7cf7d02f7fb5b96338"
  version = "1.0.0"

[[projects]]
  name = "github.com/bsm/sarama-cluster"
  packages = ["."]
  revision = "cf455bc755fe41ac9bb2861e7a961833d9c2ecc3"
  version = "v2.1.13"

[[projects]]
  name = "github.com/davecgh/go-spew"
  packages = ["spew"]
  revision = "346938d642f2ec3594ed81d874461961cd0faa76"
  version = "v1.1.0"

[[projects]]
  name = "github.com/docker/distribution"
  packages = [
    "digest",
    "reference"
  ]
  revision = "48294d928ced5dd9b378f7fd7c6f5da3ff3f2c89"
  version = "v2.6.2"

[[projects]]
  name = "github.com/docker/docker"
  packages = [
    "api",
    "api/types",
    "api/types/blkiodev",
    "api/types/container",
    "api/types/events",
    "api/types/filters",
    "api/types/mount",
    "api/types/network",
    "api/types/reference",
    "api/types/registry",
    "api/types/strslice",
    "api/types/swarm",
    "api/types/time",
    "api/types/versions",
    "api/types/volume",
    "client",
    "pkg/ioutils",
    "pkg/longpath",
    "pkg/system",
    "pkg/tlsconfig"
  ]
  revision = "092cba3727bb9b4a2f0e922cd6c0f93ea270e363"
  version = "v1.13.1"

[[projects]]
  name = "github.com/docker/go-connections"
  packages = [
    "nat",
    "sockets",
    "tlsconfig"
  ]
  revision = "3ede32e2033de7505e6500d6c868c2b9ed9f169d"
  version = "v0.3.0"

[[projects]]
  name = "github.com/docker/go-units"
  packages = ["."]
  revision = "47565b4f722fb6ceae66b95f853feed578a4a51c"
  version = "v0.3.3"

[[projects]]
  branch = "master"
  name = "github.com/docker/libtrust"
  packages = ["."]
  revision = "aabc10ec26b754e797f9028f4589c5b7bd90dc20"

[[projects]]
  branch = "master"
  name = "github.com/dustin/go-humanize"
  packages = ["."]
  revision = "9f541cc9db5d55bce703bd99987c9d5cb8eea45e"

[[projects]]
  name = "github.com/eapache/go-resiliency"
  packages = ["breaker"]
  revision = "ea41b0fad31007accc7f806884dcdf3da98b79ce"
  version = "v1.1.0"

[[projects]]
  branch = "master"
  name = "github.com/eapache/go-xerial-snappy"
  packages = ["."]
  revision = "040cc1a32f578808623071247fdbd5cc43f37f5f"

[[projects]]
  name = "github.com/eapache/queue"
  packages = ["."]
  revision = "44cc805cf13205b55f69e14bcb69867d1ae92f98"
  version = "v1.1.0"

[[projects]]
  name = "github.com/elastic/beats"
  packages = [
    "libbeat/api",
    "libbeat/autodiscover",
    "libbeat/autodiscover/builder",
    "libbeat/autodiscover/meta",
    "libbeat/autodiscover/providers/docker",
    "libbeat/autodiscover/providers/kubernetes",
    "libbeat/autodiscover/template",
    "libbeat/beat",
    "libbeat/cfgfile",
    "libbeat/cloudid",
    "libbeat/cmd",
    "libbeat/cmd/export",
    "libbeat/cmd/instance",
    "libbeat/cmd/test",
    "libbeat/common",
    "libbeat/common/atomic",
    "libbeat/common/bus",
    "libbeat/common/cfgtype",
    "libbeat/common/cfgwarn",
    "libbeat/common/cli",
    "libbeat/common/docker",
    "libbeat/common/dtfmt",
    "libbeat/common/file",
    "libbeat/common/fmtstr",
    "libbeat/common/jsontransform",
    "libbeat/common/kubernetes",
    "libbeat/common/match",
    "libbeat/common/safemapstr",
    "libbeat/common/schema",
    "libbeat/common/schema/mapstriface",
    "libbeat/common/streambuf",
    "libbeat/common/terminal",
    "libbeat/dashboards",
    "libbeat/keystore",
    "libbeat/logp",
    "libbeat/logp/configure",
    "libbeat/metric/system/cpu",
    "libbeat/metric/system/memory",
    "libbeat/metric/system/process",
    "libbeat/monitoring",
    "libbeat/monitoring/adapter",
    "libbeat/monitoring/report",
    "libbeat/monitoring/report/elasticsearch",
    "libbeat/monitoring/report/log",
    "libbeat/outputs",
    "libbeat/outputs/codec",
    "libbeat/outputs/codec/format",
    "libbeat/outputs/codec/json",
    "libbeat/outputs/console",
    "libbeat/outputs/elasticsearch",
    "libbeat/outputs/fileout",
    "libbeat/outputs/kafka",
    "libbeat/outputs/logstash",
    "libbeat/outputs/outil",
    "libbeat/outputs/redis",
    "libbeat/outputs/transport",
    "libbeat/paths",
    "libbeat/plugin",
    "libbeat/processors",
    "libbeat/processors/actions",
    "libbeat/processors/add_cloud_metadata",
    "libbeat/processors/add_docker_metadata",
    "libbeat/processors/add_host_metadata",
    "libbeat/processors/add_kubernetes_metadata",
    "libbeat/processors/add_locale",
    "libbeat/publisher",
    "libbeat/publisher/includes",
    "libbeat/publisher/pipeline",
    "libbeat/publisher/queue",
    "libbeat/publisher/queue/memqueue",
    "libbeat/publisher/queue/spool",
    "libbeat/service",
    "libbeat/setup/kibana",
    "libbeat/template",
    "libbeat/testing",
    "libbeat/version"
  ]
  revision = "ed42bb85e72ae58cc09748dc1825159713e0ffd4"
  version = "v6.3.1"

[[projects]]
  name = "github.com/elastic/go-lumber"
  packages = [
    "client/v2",
    "protocol/v2"
  ]
  revision = "616041e345fc33c97bc0eb0fa6b388aa07bca3e1"
  version = "v0.1.0"

[[projects]]
  name = "github.com/elastic/go-structform"
  packages = [
    ".",
    "cborl",
    "gotype",
    "internal/unsafe",
    "json",
    "ubjson",
    "visitors"
  ]
  revision = "0ea09ff9b43c387dd183a4088f6d573bf823e4ed"
  version = "v0.0.4"

[[projects]]
  branch = "master"
  name = "github.com/elastic/go-sysinfo"
  packages = [
    ".",
    "internal/registry",
    "providers/darwin",
    "providers/linux",
    "providers/shared",
    "providers/windows",
    "types"
  ]
  revision = "fd075254449a929a8ff06ce6e41ca8d789e7f3f4"

[[projects]]
  name = "github.com/elastic/go-txfile"
  packages = [
    ".",
    "internal/cleanup",
    "internal/invariant",
    "internal/iter",
    "internal/tracelog",
    "pq"
  ]
  revision = "7e7e33cc236f30fff545f3ee2c35ada5b70b6b13"
  version = "v0.0.1"

[[projects]]
  name = "github.com/elastic/go-ucfg"
  packages = [
    ".",
    "cfgutil",
    "flag",
    "internal/parse",
    "json",
    "yaml"
  ]
  revision = "9c66f5c432b1d25bdb449a1e588d58b5d0cd7268"
  version = "v0.6.0"

[[projects]]
  branch = "master"
  name = "github.com/elastic/go-windows"
  packages = ["."]
  revision = "5d078fa9943c7549875ad32ed0f5cc0efa9546e1"

[[projects]]
  name = "github.com/elastic/gosigar"
  packages = [
    ".",
    "cgroup",
    "sys",
    "sys/linux",
    "sys/windows"
  ]
  revision = "237dff72b4ba95da2cd985f96a9c0ede4aefc760"
  version = "v0.9.0"

[[projects]]
  name = "github.com/ericchiang/k8s"
  packages = [
    ".",
    "apis/apiextensions/v1beta1",
    "apis/core/v1",
    "apis/meta/v1",
    "apis/resource",
    "runtime",
    "runtime/schema",
    "util/intstr",
    "watch/versioned"
  ]
  revision = "677cf3318ef83bf681a38821f81a233a9be09641"
  version = "v1.1.0"

[[projects]]
  name = "github.com/fatih/color"
  packages = ["."]
  revision = "5b77d2a35fb0ede96d138fc9a99f5c9b6aef11b4"
  version = "v1.7.0"

[[projects]]
  name = "github.com/garyburd/redigo"
  packages = [
    "internal",
    "redis"
  ]
  revision = "a69d19351219b6dd56f274f96d85a7014a2ec34e"
  version = "v1.6.0"

[[projects]]
  name = "github.com/ghodss/yaml"
  packages = ["."]
  revision = "0ca9ea5df5451ffdf184b4428c902747c2c11cd7"
  version = "v1.0.0"

[[projects]]
  name = "github.com/go-ole/go-ole"
  packages = [
    ".",
    "oleutil"
  ]
  revision = "a41e3c4b706f6ae8dfbff342b06e40fa4d2d0506"
  version = "v1.2.1"

[[projects]]
  name = "github.com/golang/protobuf"
  packages = ["proto"]
  revision = "b4deda0973fb4c70b50d226b1af49f3da59f5265"
  version = "v1.1.0"

[[projects]]
  branch = "master"
  name = "github.com/golang/snappy"
  packages = ["."]
  revision = "2e65f85255dbc3072edf28d6b5b8efc472979f5a"

[[projects]]
  name = "github.com/inconshreveable/mousetrap"
  packages = ["."]
  revision = "76626ae9c91c4f2a10f34cad8ce83ea42c93bb75"
  version = "v1.0"

[[projects]]
  branch = "master"
  name = "github.com/joeshaw/multierror"
  packages = ["."]
  revision = "69b34d4ec901851247ae7e77d33909caf9df99ed"

[[projects]]
  name = "github.com/klauspost/compress"
  packages = [
    "flate",
    "zlib"
  ]
  revision = "b939724e787a27c0005cabe3f78e7ed7987ac74f"
  version = "v1.4.0"

[[projects]]
  name = "github.com/klauspost/cpuid"
  packages = ["."]
  revision = "ae7887de9fa5d2db4eaa8174a7eff2c1ac00f2da"
  version = "v1.1"

[[projects]]
  name = "github.com/mattn/go-colorable"
  packages = ["."]
  revision = "167de6bfdfba052fa6b2d3664c8f5272e23c9072"
  version = "v0.0.9"

[[projects]]
  name = "github.com/mattn/go-isatty"
  packages = ["."]
  revision = "0360b2af4f38e8d38c7fce2a9f4e702702d73a39"
  version = "v0.0.3"

[[projects]]
  branch = "master"
  name = "github.com/mitchellh/hashstructure"
  packages = ["."]
  revision = "2bca23e0e452137f789efbc8610126fd8b94f73b"

[[projects]]
  name = "github.com/pierrec/lz4"
  packages = [
    ".",
    "internal/xxh32"
  ]
  revision = "1958fd8fff7f115e79725b1288e0b878b3e06b00"
  version = "v2.0.3"

[[projects]]
  name = "github.com/pkg/errors"
  packages = ["."]
  revision = "645ef00459ed84a119197bfb8d8205042c6df63d"
  version = "v0.8.0"

[[projects]]
  branch = "master"
  name = "github.com/prometheus/procfs"
  packages = [
    ".",
    "internal/util",
    "nfs",
    "xfs"
  ]
  revision = "ae68e2d4c00fed4943b5f6698d504a5fe083da8a"

[[projects]]
  name = "github.com/rcrowley/go-metrics"
  packages = ["."]
  revision = "972ba8f8e0ceca48c4cd302acdc069cc338930ca"

[[projects]]
  name = "github.com/satori/go.uuid"
  packages = ["."]
  revision = "f58768cc1a7a7e77a3bd49e98cdd21419399b6a3"
  version = "v1.2.0"

[[projects]]
  name = "github.com/spf13/cobra"
  packages = ["."]
  revision = "ef82de70bb3f60c65fb8eebacbb2d122ef517385"
  version = "v0.0.3"

[[projects]]
  name = "github.com/spf13/pflag"
  packages = ["."]
  revision = "583c0c0531f06d5278b7d917446061adc344b5cd"
  version = "v1.0.1"

[[projects]]
  name = "github.com/theckman/go-flock"
  packages = ["."]
  revision = "b139a2487364247d91814e4a7c7b8fdc69e342b2"
  version = "v0.4.0"

[[projects]]
  branch = "master"
  name = "github.com/urso/go-bin"
  packages = ["."]
  revision = "781c575c9f0eb3cb9dca94521bd7ad7d5aec7fd4"

[[projects]]
  name = "go.uber.org/atomic"
  packages = ["."]
  revision = "1ea20fb1cbb1cc08cbd0d913a96dead89aa18289"
  version = "v1.3.2"

[[projects]]
  name = "go.uber.org/multierr"
  packages = ["."]
  revision = "3c4937480c32f4c13a875a1829af76c98ca3d40a"
  version = "v1.1.0"

[[projects]]
  name = "go.uber.org/zap"
  packages = [
    ".",
    "buffer",
    "internal/bufferpool",
    "internal/color",
    "internal/exit",
    "zapcore",
    "zaptest/observer"
  ]
  revision = "eeedf312bc6c57391d84767a4cd413f02a917974"
  version = "v1.8.0"

[[projects]]
  branch = "master"
  name = "golang.org/x/crypto"
  packages = [
    "pbkdf2",
    "ssh/terminal"
  ]
  revision = "a49355c7e3f8fe157a85be2f77e6e269a0f89602"

[[projects]]
  branch = "master"
  name = "golang.org/x/net"
  packages = [
    "context",
    "context/ctxhttp",
    "http/httpguts",
    "http2",
    "http2/hpack",
    "idna",
    "internal/socks",
    "proxy"
  ]
  revision = "d0887baf81f4598189d4e12a37c6da86f0bba4d0"

[[projects]]
  branch = "master"
  name = "golang.org/x/sys"
  packages = [
    "unix",
    "windows",
    "windows/registry",
    "windows/svc",
    "windows/svc/debug",
    "windows/svc/eventlog"
  ]
  revision = "1b2967e3c290b7c545b3db0deeda16e9be4f98a2"

[[projects]]
  name = "golang.org/x/text"
  packages = [
    "collate",
    "collate/build",
    "internal/colltab",
    "internal/gen",
    "internal/tag",
    "internal/triegen",
    "internal/ucd",
    "language",
    "secure/bidirule",
    "transform",
    "unicode/bidi",
    "unicode/cldr",
    "unicode/norm",
    "unicode/rangetable"
  ]
  revision = "f21a4dfb5e38f5895301dc265a8def02365cc3d0"
  version = "v0.3.0"

[[projects]]
  name = "gopkg.in/yaml.v2"
  packages = ["."]
  revision = "5420a8b6744d3b0345ab293f6fcba19c978f1183"
  version = "v2.2.1"

[[projects]]
  branch = "master"
  name = "howett.net/plist"
  packages = ["."]
  revision = "500bd5b9081b5957ac10389f86e069869f00c348"

[solve-meta]
  analyzer-name = "dep"
  analyzer-version = 1
  inputs-digest = "a1a7ef0211094abd22b74d1fc3a6f5b6972f5ee99e7f912977826f1e39062705"
  solver-name = "gps-cdcl"
  solver-version = 1
